// !$*UTF8*$!
{
	archiveVersion = 1;
	classes = {
	};
	objectVersion = 46;
	objects = {

/* Begin PBXBuildFile section */
		41B30D2E1E4B6A4900D3329A /* AppDelegate.swift in Sources */ = {isa = PBXBuildFile; fileRef = 41B30D2D1E4B6A4900D3329A /* AppDelegate.swift */; };
		41B30D301E4B6A4A00D3329A /* ViewController.swift in Sources */ = {isa = PBXBuildFile; fileRef = 41B30D2F1E4B6A4A00D3329A /* ViewController.swift */; };
		41B30D331E4B6A4A00D3329A /* Main.storyboard in Resources */ = {isa = PBXBuildFile; fileRef = 41B30D311E4B6A4A00D3329A /* Main.storyboard */; };
		41B30D351E4B6A4A00D3329A /* Assets.xcassets in Resources */ = {isa = PBXBuildFile; fileRef = 41B30D341E4B6A4A00D3329A /* Assets.xcassets */; };
		41B30D381E4B6A4A00D3329A /* LaunchScreen.storyboard in Resources */ = {isa = PBXBuildFile; fileRef = 41B30D361E4B6A4A00D3329A /* LaunchScreen.storyboard */; };
		41B30D431E4B6A4A00D3329A /* MapsDemoAppTests.swift in Sources */ = {isa = PBXBuildFile; fileRef = 41B30D421E4B6A4A00D3329A /* MapsDemoAppTests.swift */; };
		41B30D4E1E4B6A4A00D3329A /* MapsDemoAppUITests.swift in Sources */ = {isa = PBXBuildFile; fileRef = 41B30D4D1E4B6A4A00D3329A /* MapsDemoAppUITests.swift */; };
/* End PBXBuildFile section */

/* Begin PBXContainerItemProxy section */
		41B30D3F1E4B6A4A00D3329A /* PBXContainerItemProxy */ = {
			isa = PBXContainerItemProxy;
			containerPortal = 41B30D221E4B6A4900D3329A /* Project object */;
			proxyType = 1;
			remoteGlobalIDString = 41B30D291E4B6A4900D3329A;
			remoteInfo = MapsDemoApp;
		};
		41B30D4A1E4B6A4A00D3329A /* PBXContainerItemProxy */ = {
			isa = PBXContainerItemProxy;
			containerPortal = 41B30D221E4B6A4900D3329A /* Project object */;
			proxyType = 1;
			remoteGlobalIDString = 41B30D291E4B6A4900D3329A;
			remoteInfo = MapsDemoApp;
		};
/* End PBXContainerItemProxy section */

/* Begin PBXFileReference section */
		41B30D2A1E4B6A4900D3329A /* MapsDemoApp.app */ = {isa = PBXFileReference; explicitFileType = wrapper.application; includeInIndex = 0; path = MapsDemoApp.app; sourceTree = BUILT_PRODUCTS_DIR; };
		41B30D2D1E4B6A4900D3329A /* AppDelegate.swift */ = {isa = PBXFileReference; lastKnownFileType = sourcecode.swift; path = AppDelegate.swift; sourceTree = "<group>"; };
		41B30D2F1E4B6A4A00D3329A /* ViewController.swift */ = {isa = PBXFileReference; lastKnownFileType = sourcecode.swift; path = ViewController.swift; sourceTree = "<group>"; };
		41B30D321E4B6A4A00D3329A /* Base */ = {isa = PBXFileReference; lastKnownFileType = file.storyboard; name = Base; path = Base.lproj/Main.storyboard; sourceTree = "<group>"; };
		41B30D341E4B6A4A00D3329A /* Assets.xcassets */ = {isa = PBXFileReference; lastKnownFileType = folder.assetcatalog; path = Assets.xcassets; sourceTree = "<group>"; };
		41B30D371E4B6A4A00D3329A /* Base */ = {isa = PBXFileReference; lastKnownFileType = file.storyboard; name = Base; path = Base.lproj/LaunchScreen.storyboard; sourceTree = "<group>"; };
		41B30D391E4B6A4A00D3329A /* Info.plist */ = {isa = PBXFileReference; lastKnownFileType = text.plist.xml; path = Info.plist; sourceTree = "<group>"; };
		41B30D3E1E4B6A4A00D3329A /* MapsDemoAppTests.xctest */ = {isa = PBXFileReference; explicitFileType = wrapper.cfbundle; includeInIndex = 0; path = MapsDemoAppTests.xctest; sourceTree = BUILT_PRODUCTS_DIR; };
		41B30D421E4B6A4A00D3329A /* MapsDemoAppTests.swift */ = {isa = PBXFileReference; lastKnownFileType = sourcecode.swift; path = MapsDemoAppTests.swift; sourceTree = "<group>"; };
		41B30D441E4B6A4A00D3329A /* Info.plist */ = {isa = PBXFileReference; lastKnownFileType = text.plist.xml; path = Info.plist; sourceTree = "<group>"; };
		41B30D491E4B6A4A00D3329A /* MapsDemoAppUITests.xctest */ = {isa = PBXFileReference; explicitFileType = wrapper.cfbundle; includeInIndex = 0; path = MapsDemoAppUITests.xctest; sourceTree = BUILT_PRODUCTS_DIR; };
		41B30D4D1E4B6A4A00D3329A /* MapsDemoAppUITests.swift */ = {isa = PBXFileReference; lastKnownFileType = sourcecode.swift; path = MapsDemoAppUITests.swift; sourceTree = "<group>"; };
		41B30D4F1E4B6A4A00D3329A /* Info.plist */ = {isa = PBXFileReference; lastKnownFileType = text.plist.xml; path = Info.plist; sourceTree = "<group>"; };
/* End PBXFileReference section */

/* Begin PBXFrameworksBuildPhase section */
		41B30D271E4B6A4900D3329A /* Frameworks */ = {
			isa = PBXFrameworksBuildPhase;
			buildActionMask = 2147483647;
			files = (
			);
			runOnlyForDeploymentPostprocessing = 0;
		};
		41B30D3B1E4B6A4A00D3329A /* Frameworks */ = {
			isa = PBXFrameworksBuildPhase;
			buildActionMask = 2147483647;
			files = (
			);
			runOnlyForDeploymentPostprocessing = 0;
		};
		41B30D461E4B6A4A00D3329A /* Frameworks */ = {
			isa = PBXFrameworksBuildPhase;
			buildActionMask = 2147483647;
			files = (
			);
			runOnlyForDeploymentPostprocessing = 0;
		};
/* End PBXFrameworksBuildPhase section */

/* Begin PBXGroup section */
		41B30D211E4B6A4900D3329A = {
			isa = PBXGroup;
			children = (
				41B30D2C1E4B6A4900D3329A /* MapsDemoApp */,
				41B30D411E4B6A4A00D3329A /* MapsDemoAppTests */,
				41B30D4C1E4B6A4A00D3329A /* MapsDemoAppUITests */,
				41B30D2B1E4B6A4900D3329A /* Products */,
			);
			sourceTree = "<group>";
		};
		41B30D2B1E4B6A4900D3329A /* Products */ = {
			isa = PBXGroup;
			children = (
				41B30D2A1E4B6A4900D3329A /* MapsDemoApp.app */,
				41B30D3E1E4B6A4A00D3329A /* MapsDemoAppTests.xctest */,
				41B30D491E4B6A4A00D3329A /* MapsDemoAppUITests.xctest */,
			);
			name = Products;
			sourceTree = "<group>";
		};
		41B30D2C1E4B6A4900D3329A /* MapsDemoApp */ = {
			isa = PBXGroup;
			children = (
				41B30D2D1E4B6A4900D3329A /* AppDelegate.swift */,
				41B30D2F1E4B6A4A00D3329A /* ViewController.swift */,
				41B30D311E4B6A4A00D3329A /* Main.storyboard */,
				41B30D341E4B6A4A00D3329A /* Assets.xcassets */,
				41B30D361E4B6A4A00D3329A /* LaunchScreen.storyboard */,
				41B30D391E4B6A4A00D3329A /* Info.plist */,
			);
			path = MapsDemoApp;
			sourceTree = "<group>";
		};
		41B30D411E4B6A4A00D3329A /* MapsDemoAppTests */ = {
			isa = PBXGroup;
			children = (
				41B30D421E4B6A4A00D3329A /* MapsDemoAppTests.swift */,
				41B30D441E4B6A4A00D3329A /* Info.plist */,
			);
			path = MapsDemoAppTests;
			sourceTree = "<group>";
		};
		41B30D4C1E4B6A4A00D3329A /* MapsDemoAppUITests */ = {
			isa = PBXGroup;
			children = (
				41B30D4D1E4B6A4A00D3329A /* MapsDemoAppUITests.swift */,
				41B30D4F1E4B6A4A00D3329A /* Info.plist */,
			);
			path = MapsDemoAppUITests;
			sourceTree = "<group>";
		};
/* End PBXGroup section */

/* Begin PBXNativeTarget section */
		41B30D291E4B6A4900D3329A /* MapsDemoApp */ = {
			isa = PBXNativeTarget;
			buildConfigurationList = 41B30D521E4B6A4A00D3329A /* Build configuration list for PBXNativeTarget "MapsDemoApp" */;
			buildPhases = (
				41B30D261E4B6A4900D3329A /* Sources */,
				41B30D271E4B6A4900D3329A /* Frameworks */,
				41B30D281E4B6A4900D3329A /* Resources */,
			);
			buildRules = (
			);
			dependencies = (
			);
			name = MapsDemoApp;
			productName = MapsDemoApp;
			productReference = 41B30D2A1E4B6A4900D3329A /* MapsDemoApp.app */;
			productType = "com.apple.product-type.application";
		};
		41B30D3D1E4B6A4A00D3329A /* MapsDemoAppTests */ = {
			isa = PBXNativeTarget;
			buildConfigurationList = 41B30D551E4B6A4A00D3329A /* Build configuration list for PBXNativeTarget "MapsDemoAppTests" */;
			buildPhases = (
				41B30D3A1E4B6A4A00D3329A /* Sources */,
				41B30D3B1E4B6A4A00D3329A /* Frameworks */,
				41B30D3C1E4B6A4A00D3329A /* Resources */,
			);
			buildRules = (
			);
			dependencies = (
				41B30D401E4B6A4A00D3329A /* PBXTargetDependency */,
			);
			name = MapsDemoAppTests;
			productName = MapsDemoAppTests;
			productReference = 41B30D3E1E4B6A4A00D3329A /* MapsDemoAppTests.xctest */;
			productType = "com.apple.product-type.bundle.unit-test";
		};
		41B30D481E4B6A4A00D3329A /* MapsDemoAppUITests */ = {
			isa = PBXNativeTarget;
			buildConfigurationList = 41B30D581E4B6A4A00D3329A /* Build configuration list for PBXNativeTarget "MapsDemoAppUITests" */;
			buildPhases = (
				41B30D451E4B6A4A00D3329A /* Sources */,
				41B30D461E4B6A4A00D3329A /* Frameworks */,
				41B30D471E4B6A4A00D3329A /* Resources */,
			);
			buildRules = (
			);
			dependencies = (
				41B30D4B1E4B6A4A00D3329A /* PBXTargetDependency */,
			);
			name = MapsDemoAppUITests;
			productName = MapsDemoAppUITests;
			productReference = 41B30D491E4B6A4A00D3329A /* MapsDemoAppUITests.xctest */;
			productType = "com.apple.product-type.bundle.ui-testing";
		};
/* End PBXNativeTarget section */

/* Begin PBXProject section */
		41B30D221E4B6A4900D3329A /* Project object */ = {
			isa = PBXProject;
			attributes = {
				LastSwiftUpdateCheck = 0810;
				LastUpgradeCheck = 0810;
				ORGANIZATIONNAME = PJay;
				TargetAttributes = {
					41B30D291E4B6A4900D3329A = {
						CreatedOnToolsVersion = 8.1;
						DevelopmentTeam = D7LMSZ82ZN;
						ProvisioningStyle = Automatic;
					};
					41B30D3D1E4B6A4A00D3329A = {
						CreatedOnToolsVersion = 8.1;
						DevelopmentTeam = D7LMSZ82ZN;
						ProvisioningStyle = Automatic;
						TestTargetID = 41B30D291E4B6A4900D3329A;
					};
					41B30D481E4B6A4A00D3329A = {
						CreatedOnToolsVersion = 8.1;
						DevelopmentTeam = D7LMSZ82ZN;
						ProvisioningStyle = Automatic;
						TestTargetID = 41B30D291E4B6A4900D3329A;
					};
				};
			};
			buildConfigurationList = 41B30D251E4B6A4900D3329A /* Build configuration list for PBXProject "MapsDemoApp" */;
			compatibilityVersion = "Xcode 3.2";
			developmentRegion = English;
			hasScannedForEncodings = 0;
			knownRegions = (
				en,
				Base,
			);
			mainGroup = 41B30D211E4B6A4900D3329A;
			productRefGroup = 41B30D2B1E4B6A4900D3329A /* Products */;
			projectDirPath = "";
			projectRoot = "";
			targets = (
				41B30D291E4B6A4900D3329A /* MapsDemoApp */,
				41B30D3D1E4B6A4A00D3329A /* MapsDemoAppTests */,
				41B30D481E4B6A4A00D3329A /* MapsDemoAppUITests */,
			);
		};
/* End PBXProject section */

/* Begin PBXResourcesBuildPhase section */
		41B30D281E4B6A4900D3329A /* Resources */ = {
			isa = PBXResourcesBuildPhase;
			buildActionMask = 2147483647;
			files = (
				41B30D381E4B6A4A00D3329A /* LaunchScreen.storyboard in Resources */,
				41B30D351E4B6A4A00D3329A /* Assets.xcassets in Resources */,
				41B30D331E4B6A4A00D3329A /* Main.storyboard in Resources */,
			);
			runOnlyForDeploymentPostprocessing = 0;
		};
		41B30D3C1E4B6A4A00D3329A /* Resources */ = {
			isa = PBXResourcesBuildPhase;
			buildActionMask = 2147483647;
			files = (
			);
			runOnlyForDeploymentPostprocessing = 0;
		};
		41B30D471E4B6A4A00D3329A /* Resources */ = {
			isa = PBXResourcesBuildPhase;
			buildActionMask = 2147483647;
			files = (
			);
			runOnlyForDeploymentPostprocessing = 0;
		};
/* End PBXResourcesBuildPhase section */

/* Begin PBXSourcesBuildPhase section */
		41B30D261E4B6A4900D3329A /* Sources */ = {
			isa = PBXSourcesBuildPhase;
			buildActionMask = 2147483647;
			files = (
				41B30D301E4B6A4A00D3329A /* ViewController.swift in Sources */,
				41B30D2E1E4B6A4900D3329A /* AppDelegate.swift in Sources */,
			);
			runOnlyForDeploymentPostprocessing = 0;
		};
		41B30D3A1E4B6A4A00D3329A /* Sources */ = {
			isa = PBXSourcesBuildPhase;
			buildActionMask = 2147483647;
			files = (
				41B30D431E4B6A4A00D3329A /* MapsDemoAppTests.swift in Sources */,
			);
			runOnlyForDeploymentPostprocessing = 0;
		};
		41B30D451E4B6A4A00D3329A /* Sources */ = {
			isa = PBXSourcesBuildPhase;
			buildActionMask = 2147483647;
			files = (
				41B30D4E1E4B6A4A00D3329A /* MapsDemoAppUITests.swift in Sources */,
			);
			runOnlyForDeploymentPostprocessing = 0;
		};
/* End PBXSourcesBuildPhase section */

/* Begin PBXTargetDependency section */
		41B30D401E4B6A4A00D3329A /* PBXTargetDependency */ = {
			isa = PBXTargetDependency;
			target = 41B30D291E4B6A4900D3329A /* MapsDemoApp */;
			targetProxy = 41B30D3F1E4B6A4A00D3329A /* PBXContainerItemProxy */;
		};
		41B30D4B1E4B6A4A00D3329A /* PBXTargetDependency */ = {
			isa = PBXTargetDependency;
			target = 41B30D291E4B6A4900D3329A /* MapsDemoApp */;
			targetProxy = 41B30D4A1E4B6A4A00D3329A /* PBXContainerItemProxy */;
		};
/* End PBXTargetDependency section */

/* Begin PBXVariantGroup section */
		41B30D311E4B6A4A00D3329A /* Main.storyboard */ = {
			isa = PBXVariantGroup;
			children = (
				41B30D321E4B6A4A00D3329A /* Base */,
			);
			name = Main.storyboard;
			sourceTree = "<group>";
		};
		41B30D361E4B6A4A00D3329A /* LaunchScreen.storyboard */ = {
			isa = PBXVariantGroup;
			children = (
				41B30D371E4B6A4A00D3329A /* Base */,
			);
			name = LaunchScreen.storyboard;
			sourceTree = "<group>";
		};
/* End PBXVariantGroup section */

/* Begin XCBuildConfiguration section */
		41B30D501E4B6A4A00D3329A /* Debug */ = {
			isa = XCBuildConfiguration;
			buildSettings = {
				ALWAYS_SEARCH_USER_PATHS = NO;
				CLANG_ANALYZER_NONNULL = YES;
				CLANG_CXX_LANGUAGE_STANDARD = "gnu++0x";
				CLANG_CXX_LIBRARY = "libc++";
				CLANG_ENABLE_MODULES = YES;
				CLANG_ENABLE_OBJC_ARC = YES;
				CLANG_WARN_BOOL_CONVERSION = YES;
				CLANG_WARN_CONSTANT_CONVERSION = YES;
				CLANG_WARN_DIRECT_OBJC_ISA_USAGE = YES_ERROR;
				CLANG_WARN_DOCUMENTATION_COMMENTS = YES;
				CLANG_WARN_EMPTY_BODY = YES;
				CLANG_WARN_ENUM_CONVERSION = YES;
				CLANG_WARN_INFINITE_RECURSION = YES;
				CLANG_WARN_INT_CONVERSION = YES;
				CLANG_WARN_OBJC_ROOT_CLASS = YES_ERROR;
				CLANG_WARN_SUSPICIOUS_MOVES = YES;
				CLANG_WARN_UNREACHABLE_CODE = YES;
				CLANG_WARN__DUPLICATE_METHOD_MATCH = YES;
				"CODE_SIGN_IDENTITY[sdk=iphoneos*]" = "iPhone Developer";
				COPY_PHASE_STRIP = NO;
				DEBUG_INFORMATION_FORMAT = dwarf;
				ENABLE_STRICT_OBJC_MSGSEND = YES;
				ENABLE_TESTABILITY = YES;
				GCC_C_LANGUAGE_STANDARD = gnu99;
				GCC_DYNAMIC_NO_PIC = NO;
				GCC_NO_COMMON_BLOCKS = YES;
				GCC_OPTIMIZATION_LEVEL = 0;
				GCC_PREPROCESSOR_DEFINITIONS = (
					"DEBUG=1",
					"$(inherited)",
				);
				GCC_WARN_64_TO_32_BIT_CONVERSION = YES;
				GCC_WARN_ABOUT_RETURN_TYPE = YES_ERROR;
				GCC_WARN_UNDECLARED_SELECTOR = YES;
				GCC_WARN_UNINITIALIZED_AUTOS = YES_AGGRESSIVE;
				GCC_WARN_UNUSED_FUNCTION = YES;
				GCC_WARN_UNUSED_VARIABLE = YES;
				IPHONEOS_DEPLOYMENT_TARGET = 10.1;
				MTL_ENABLE_DEBUG_INFO = YES;
				ONLY_ACTIVE_ARCH = YES;
				SDKROOT = iphoneos;
				SWIFT_ACTIVE_COMPILATION_CONDITIONS = DEBUG;
				SWIFT_OPTIMIZATION_LEVEL = "-Onone";
			};
			name = Debug;
		};
		41B30D511E4B6A4A00D3329A /* Release */ = {
			isa = XCBuildConfiguration;
			buildSettings = {
				ALWAYS_SEARCH_USER_PATHS = NO;
				CLANG_ANALYZER_NONNULL = YES;
				CLANG_CXX_LANGUAGE_STANDARD = "gnu++0x";
				CLANG_CXX_LIBRARY = "libc++";
				CLANG_ENABLE_MODULES = YES;
				CLANG_ENABLE_OBJC_ARC = YES;
				CLANG_WARN_BOOL_CONVERSION = YES;
				CLANG_WARN_CONSTANT_CONVERSION = YES;
				CLANG_WARN_DIRECT_OBJC_ISA_USAGE = YES_ERROR;
				CLANG_WARN_DOCUMENTATION_COMMENTS = YES;
				CLANG_WARN_EMPTY_BODY = YES;
				CLANG_WARN_ENUM_CONVERSION = YES;
				CLANG_WARN_INFINITE_RECURSION = YES;
				CLANG_WARN_INT_CONVERSION = YES;
				CLANG_WARN_OBJC_ROOT_CLASS = YES_ERROR;
				CLANG_WARN_SUSPICIOUS_MOVES = YES;
				CLANG_WARN_UNREACHABLE_CODE = YES;
				CLANG_WARN__DUPLICATE_METHOD_MATCH = YES;
				"CODE_SIGN_IDENTITY[sdk=iphoneos*]" = "iPhone Developer";
				COPY_PHASE_STRIP = NO;
				DEBUG_INFORMATION_FORMAT = "dwarf-with-dsym";
				ENABLE_NS_ASSERTIONS = NO;
				ENABLE_STRICT_OBJC_MSGSEND = YES;
				GCC_C_LANGUAGE_STANDARD = gnu99;
				GCC_NO_COMMON_BLOCKS = YES;
				GCC_WARN_64_TO_32_BIT_CONVERSION = YES;
				GCC_WARN_ABOUT_RETURN_TYPE = YES_ERROR;
				GCC_WARN_UNDECLARED_SELECTOR = YES;
				GCC_WARN_UNINITIALIZED_AUTOS = YES_AGGRESSIVE;
				GCC_WARN_UNUSED_FUNCTION = YES;
				GCC_WARN_UNUSED_VARIABLE = YES;
				IPHONEOS_DEPLOYMENT_TARGET = 10.1;
				MTL_ENABLE_DEBUG_INFO = NO;
				SDKROOT = iphoneos;
				SWIFT_OPTIMIZATION_LEVEL = "-Owholemodule";
				VALIDATE_PRODUCT = YES;
			};
			name = Release;
		};
		41B30D531E4B6A4A00D3329A /* Debug */ = {
			isa = XCBuildConfiguration;
			buildSettings = {
				ASSETCATALOG_COMPILER_APPICON_NAME = AppIcon;
				DEVELOPMENT_TEAM = D7LMSZ82ZN;
				INFOPLIST_FILE = MapsDemoApp/Info.plist;
				LD_RUNPATH_SEARCH_PATHS = "$(inherited) @executable_path/Frameworks";
				PRODUCT_BUNDLE_IDENTIFIER = org.pjay.MapsDemoApp;
				PRODUCT_NAME = "$(TARGET_NAME)";
				SWIFT_VERSION = 3.0;
			};
			name = Debug;
		};
		41B30D541E4B6A4A00D3329A /* Release */ = {
			isa = XCBuildConfiguration;
			buildSettings = {
				ASSETCATALOG_COMPILER_APPICON_NAME = AppIcon;
				DEVELOPMENT_TEAM = D7LMSZ82ZN;
				INFOPLIST_FILE = MapsDemoApp/Info.plist;
				LD_RUNPATH_SEARCH_PATHS = "$(inherited) @executable_path/Frameworks";
				PRODUCT_BUNDLE_IDENTIFIER = org.pjay.MapsDemoApp;
				PRODUCT_NAME = "$(TARGET_NAME)";
				SWIFT_VERSION = 3.0;
			};
			name = Release;
		};
		41B30D561E4B6A4A00D3329A /* Debug */ = {
			isa = XCBuildConfiguration;
			buildSettings = {
				ALWAYS_EMBED_SWIFT_STANDARD_LIBRARIES = YES;
				BUNDLE_LOADER = "$(TEST_HOST)";
				DEVELOPMENT_TEAM = D7LMSZ82ZN;
				INFOPLIST_FILE = MapsDemoAppTests/Info.plist;
				LD_RUNPATH_SEARCH_PATHS = "$(inherited) @executable_path/Frameworks @loader_path/Frameworks";
				PRODUCT_BUNDLE_IDENTIFIER = org.pjay.MapsDemoAppTests;
				PRODUCT_NAME = "$(TARGET_NAME)";
				SWIFT_VERSION = 3.0;
				TEST_HOST = "$(BUILT_PRODUCTS_DIR)/MapsDemoApp.app/MapsDemoApp";
			};
			name = Debug;
		};
		41B30D571E4B6A4A00D3329A /* Release */ = {
			isa = XCBuildConfiguration;
			buildSettings = {
				ALWAYS_EMBED_SWIFT_STANDARD_LIBRARIES = YES;
				BUNDLE_LOADER = "$(TEST_HOST)";
				DEVELOPMENT_TEAM = D7LMSZ82ZN;
				INFOPLIST_FILE = MapsDemoAppTests/Info.plist;
				LD_RUNPATH_SEARCH_PATHS = "$(inherited) @executable_path/Frameworks @loader_path/Frameworks";
				PRODUCT_BUNDLE_IDENTIFIER = org.pjay.MapsDemoAppTests;
				PRODUCT_NAME = "$(TARGET_NAME)";
				SWIFT_VERSION = 3.0;
				TEST_HOST = "$(BUILT_PRODUCTS_DIR)/MapsDemoApp.app/MapsDemoApp";
			};
			name = Release;
		};
		41B30D591E4B6A4A00D3329A /* Debug */ = {
			isa = XCBuildConfiguration;
			buildSettings = {
				ALWAYS_EMBED_SWIFT_STANDARD_LIBRARIES = YES;
				DEVELOPMENT_TEAM = D7LMSZ82ZN;
				INFOPLIST_FILE = MapsDemoAppUITests/Info.plist;
				LD_RUNPATH_SEARCH_PATHS = "$(inherited) @executable_path/Frameworks @loader_path/Frameworks";
				PRODUCT_BUNDLE_IDENTIFIER = org.pjay.MapsDemoAppUITests;
				PRODUCT_NAME = "$(TARGET_NAME)";
				SWIFT_VERSION = 3.0;
				TEST_TARGET_NAME = MapsDemoApp;
			};
			name = Debug;
		};
		41B30D5A1E4B6A4A00D3329A /* Release */ = {
			isa = XCBuildConfiguration;
			buildSettings = {
				ALWAYS_EMBED_SWIFT_STANDARD_LIBRARIES = YES;
				DEVELOPMENT_TEAM = D7LMSZ82ZN;
				INFOPLIST_FILE = MapsDemoAppUITests/Info.plist;
				LD_RUNPATH_SEARCH_PATHS = "$(inherited) @executable_path/Frameworks @loader_path/Frameworks";
				PRODUCT_BUNDLE_IDENTIFIER = org.pjay.MapsDemoAppUITests;
				PRODUCT_NAME = "$(TARGET_NAME)";
				SWIFT_VERSION = 3.0;
				TEST_TARGET_NAME = MapsDemoApp;
			};
			name = Release;
		};
/* End XCBuildConfiguration section */

/* Begin XCConfigurationList section */
		41B30D251E4B6A4900D3329A /* Build configuration list for PBXProject "MapsDemoApp" */ = {
			isa = XCConfigurationList;
			buildConfigurations = (
				41B30D501E4B6A4A00D3329A /* Debug */,
				41B30D511E4B6A4A00D3329A /* Release */,
			);
			defaultConfigurationIsVisible = 0;
			defaultConfigurationName = Release;
		};
		41B30D521E4B6A4A00D3329A /* Build configuration list for PBXNativeTarget "MapsDemoApp" */ = {
			isa = XCConfigurationList;
			buildConfigurations = (
				41B30D531E4B6A4A00D3329A /* Debug */,
				41B30D541E4B6A4A00D3329A /* Release */,
			);
			defaultConfigurationIsVisible = 0;
		};
		41B30D551E4B6A4A00D3329A /* Build configuration list for PBXNativeTarget "MapsDemoAppTests" */ = {
			isa = XCConfigurationList;
			buildConfigurations = (
				41B30D561E4B6A4A00D3329A /* Debug */,
				41B30D571E4B6A4A00D3329A /* Release */,
			);
			defaultConfigurationIsVisible = 0;
		};
		41B30D581E4B6A4A00D3329A /* Build configuration list for PBXNativeTarget "MapsDemoAppUITests" */ = {
			isa = XCConfigurationList;
			buildConfigurations = (
				41B30D591E4B6A4A00D3329A /* Debug */,
				41B30D5A1E4B6A4A00D3329A /* Release */,
			);
			defaultConfigurationIsVisible = 0;
		};
/* End XCConfigurationList section */
	};
	rootObject = 41B30D221E4B6A4900D3329A /* Project object */;
}
