// !$*UTF8*$!
{
	archiveVersion = 1;
	classes = {
	};
	objectVersion = 46;
	objects = {

/* Begin PBXBuildFile section */
		41A0EE041E4A528E00C1EB1F /* AppDelegate.swift in Sources */ = {isa = PBXBuildFile; fileRef = 41A0EE031E4A528E00C1EB1F /* AppDelegate.swift */; };
		41A0EE061E4A528E00C1EB1F /* ViewController.swift in Sources */ = {isa = PBXBuildFile; fileRef = 41A0EE051E4A528E00C1EB1F /* ViewController.swift */; };
		41A0EE091E4A528E00C1EB1F /* Main.storyboard in Resources */ = {isa = PBXBuildFile; fileRef = 41A0EE071E4A528E00C1EB1F /* Main.storyboard */; };
		41A0EE0B1E4A528E00C1EB1F /* Assets.xcassets in Resources */ = {isa = PBXBuildFile; fileRef = 41A0EE0A1E4A528E00C1EB1F /* Assets.xcassets */; };
		41A0EE0E1E4A528E00C1EB1F /* LaunchScreen.storyboard in Resources */ = {isa = PBXBuildFile; fileRef = 41A0EE0C1E4A528E00C1EB1F /* LaunchScreen.storyboard */; };
		41A0EE191E4A528E00C1EB1F /* FirstDemoAppTests.swift in Sources */ = {isa = PBXBuildFile; fileRef = 41A0EE181E4A528E00C1EB1F /* FirstDemoAppTests.swift */; };
		41A0EE241E4A528F00C1EB1F /* FirstDemoAppUITests.swift in Sources */ = {isa = PBXBuildFile; fileRef = 41A0EE231E4A528F00C1EB1F /* FirstDemoAppUITests.swift */; };
/* End PBXBuildFile section */

/* Begin PBXContainerItemProxy section */
		41A0EE151E4A528E00C1EB1F /* PBXContainerItemProxy */ = {
			isa = PBXContainerItemProxy;
			containerPortal = 41A0EDF81E4A528E00C1EB1F /* Project object */;
			proxyType = 1;
			remoteGlobalIDString = 41A0EDFF1E4A528E00C1EB1F;
			remoteInfo = FirstDemoApp;
		};
		41A0EE201E4A528F00C1EB1F /* PBXContainerItemProxy */ = {
			isa = PBXContainerItemProxy;
			containerPortal = 41A0EDF81E4A528E00C1EB1F /* Project object */;
			proxyType = 1;
			remoteGlobalIDString = 41A0EDFF1E4A528E00C1EB1F;
			remoteInfo = FirstDemoApp;
		};
/* End PBXContainerItemProxy section */

/* Begin PBXFileReference section */
		41A0EE001E4A528E00C1EB1F /* FirstDemoApp.app */ = {isa = PBXFileReference; explicitFileType = wrapper.application; includeInIndex = 0; path = FirstDemoApp.app; sourceTree = BUILT_PRODUCTS_DIR; };
		41A0EE031E4A528E00C1EB1F /* AppDelegate.swift */ = {isa = PBXFileReference; lastKnownFileType = sourcecode.swift; path = AppDelegate.swift; sourceTree = "<group>"; };
		41A0EE051E4A528E00C1EB1F /* ViewController.swift */ = {isa = PBXFileReference; lastKnownFileType = sourcecode.swift; path = ViewController.swift; sourceTree = "<group>"; };
		41A0EE081E4A528E00C1EB1F /* Base */ = {isa = PBXFileReference; lastKnownFileType = file.storyboard; name = Base; path = Base.lproj/Main.storyboard; sourceTree = "<group>"; };
		41A0EE0A1E4A528E00C1EB1F /* Assets.xcassets */ = {isa = PBXFileReference; lastKnownFileType = folder.assetcatalog; path = Assets.xcassets; sourceTree = "<group>"; };
		41A0EE0D1E4A528E00C1EB1F /* Base */ = {isa = PBXFileReference; lastKnownFileType = file.storyboard; name = Base; path = Base.lproj/LaunchScreen.storyboard; sourceTree = "<group>"; };
		41A0EE0F1E4A528E00C1EB1F /* Info.plist */ = {isa = PBXFileReference; lastKnownFileType = text.plist.xml; path = Info.plist; sourceTree = "<group>"; };
		41A0EE141E4A528E00C1EB1F /* FirstDemoAppTests.xctest */ = {isa = PBXFileReference; explicitFileType = wrapper.cfbundle; includeInIndex = 0; path = FirstDemoAppTests.xctest; sourceTree = BUILT_PRODUCTS_DIR; };
		41A0EE181E4A528E00C1EB1F /* FirstDemoAppTests.swift */ = {isa = PBXFileReference; lastKnownFileType = sourcecode.swift; path = FirstDemoAppTests.swift; sourceTree = "<group>"; };
		41A0EE1A1E4A528F00C1EB1F /* Info.plist */ = {isa = PBXFileReference; lastKnownFileType = text.plist.xml; path = Info.plist; sourceTree = "<group>"; };
		41A0EE1F1E4A528F00C1EB1F /* FirstDemoAppUITests.xctest */ = {isa = PBXFileReference; explicitFileType = wrapper.cfbundle; includeInIndex = 0; path = FirstDemoAppUITests.xctest; sourceTree = BUILT_PRODUCTS_DIR; };
		41A0EE231E4A528F00C1EB1F /* FirstDemoAppUITests.swift */ = {isa = PBXFileReference; lastKnownFileType = sourcecode.swift; path = FirstDemoAppUITests.swift; sourceTree = "<group>"; };
		41A0EE251E4A528F00C1EB1F /* Info.plist */ = {isa = PBXFileReference; lastKnownFileType = text.plist.xml; path = Info.plist; sourceTree = "<group>"; };
/* End PBXFileReference section */

/* Begin PBXFrameworksBuildPhase section */
		41A0EDFD1E4A528E00C1EB1F /* Frameworks */ = {
			isa = PBXFrameworksBuildPhase;
			buildActionMask = 2147483647;
			files = (
			);
			runOnlyForDeploymentPostprocessing = 0;
		};
		41A0EE111E4A528E00C1EB1F /* Frameworks */ = {
			isa = PBXFrameworksBuildPhase;
			buildActionMask = 2147483647;
			files = (
			);
			runOnlyForDeploymentPostprocessing = 0;
		};
		41A0EE1C1E4A528F00C1EB1F /* Frameworks */ = {
			isa = PBXFrameworksBuildPhase;
			buildActionMask = 2147483647;
			files = (
			);
			runOnlyForDeploymentPostprocessing = 0;
		};
/* End PBXFrameworksBuildPhase section */

/* Begin PBXGroup section */
		41A0EDF71E4A528E00C1EB1F = {
			isa = PBXGroup;
			children = (
				41A0EE021E4A528E00C1EB1F /* FirstDemoApp */,
				41A0EE171E4A528E00C1EB1F /* FirstDemoAppTests */,
				41A0EE221E4A528F00C1EB1F /* FirstDemoAppUITests */,
				41A0EE011E4A528E00C1EB1F /* Products */,
			);
			sourceTree = "<group>";
		};
		41A0EE011E4A528E00C1EB1F /* Products */ = {
			isa = PBXGroup;
			children = (
				41A0EE001E4A528E00C1EB1F /* FirstDemoApp.app */,
				41A0EE141E4A528E00C1EB1F /* FirstDemoAppTests.xctest */,
				41A0EE1F1E4A528F00C1EB1F /* FirstDemoAppUITests.xctest */,
			);
			name = Products;
			sourceTree = "<group>";
		};
		41A0EE021E4A528E00C1EB1F /* FirstDemoApp */ = {
			isa = PBXGroup;
			children = (
				41A0EE031E4A528E00C1EB1F /* AppDelegate.swift */,
				41A0EE051E4A528E00C1EB1F /* ViewController.swift */,
				41A0EE071E4A528E00C1EB1F /* Main.storyboard */,
				41A0EE0A1E4A528E00C1EB1F /* Assets.xcassets */,
				41A0EE0C1E4A528E00C1EB1F /* LaunchScreen.storyboard */,
				41A0EE0F1E4A528E00C1EB1F /* Info.plist */,
			);
			path = FirstDemoApp;
			sourceTree = "<group>";
		};
		41A0EE171E4A528E00C1EB1F /* FirstDemoAppTests */ = {
			isa = PBXGroup;
			children = (
				41A0EE181E4A528E00C1EB1F /* FirstDemoAppTests.swift */,
				41A0EE1A1E4A528F00C1EB1F /* Info.plist */,
			);
			path = FirstDemoAppTests;
			sourceTree = "<group>";
		};
		41A0EE221E4A528F00C1EB1F /* FirstDemoAppUITests */ = {
			isa = PBXGroup;
			children = (
				41A0EE231E4A528F00C1EB1F /* FirstDemoAppUITests.swift */,
				41A0EE251E4A528F00C1EB1F /* Info.plist */,
			);
			path = FirstDemoAppUITests;
			sourceTree = "<group>";
		};
/* End PBXGroup section */

/* Begin PBXNativeTarget section */
		41A0EDFF1E4A528E00C1EB1F /* FirstDemoApp */ = {
			isa = PBXNativeTarget;
			buildConfigurationList = 41A0EE281E4A528F00C1EB1F /* Build configuration list for PBXNativeTarget "FirstDemoApp" */;
			buildPhases = (
				41A0EDFC1E4A528E00C1EB1F /* Sources */,
				41A0EDFD1E4A528E00C1EB1F /* Frameworks */,
				41A0EDFE1E4A528E00C1EB1F /* Resources */,
			);
			buildRules = (
			);
			dependencies = (
			);
			name = FirstDemoApp;
			productName = FirstDemoApp;
			productReference = 41A0EE001E4A528E00C1EB1F /* FirstDemoApp.app */;
			productType = "com.apple.product-type.application";
		};
		41A0EE131E4A528E00C1EB1F /* FirstDemoAppTests */ = {
			isa = PBXNativeTarget;
			buildConfigurationList = 41A0EE2B1E4A528F00C1EB1F /* Build configuration list for PBXNativeTarget "FirstDemoAppTests" */;
			buildPhases = (
				41A0EE101E4A528E00C1EB1F /* Sources */,
				41A0EE111E4A528E00C1EB1F /* Frameworks */,
				41A0EE121E4A528E00C1EB1F /* Resources */,
			);
			buildRules = (
			);
			dependencies = (
				41A0EE161E4A528E00C1EB1F /* PBXTargetDependency */,
			);
			name = FirstDemoAppTests;
			productName = FirstDemoAppTests;
			productReference = 41A0EE141E4A528E00C1EB1F /* FirstDemoAppTests.xctest */;
			productType = "com.apple.product-type.bundle.unit-test";
		};
		41A0EE1E1E4A528F00C1EB1F /* FirstDemoAppUITests */ = {
			isa = PBXNativeTarget;
			buildConfigurationList = 41A0EE2E1E4A528F00C1EB1F /* Build configuration list for PBXNativeTarget "FirstDemoAppUITests" */;
			buildPhases = (
				41A0EE1B1E4A528F00C1EB1F /* Sources */,
				41A0EE1C1E4A528F00C1EB1F /* Frameworks */,
				41A0EE1D1E4A528F00C1EB1F /* Resources */,
			);
			buildRules = (
			);
			dependencies = (
				41A0EE211E4A528F00C1EB1F /* PBXTargetDependency */,
			);
			name = FirstDemoAppUITests;
			productName = FirstDemoAppUITests;
			productReference = 41A0EE1F1E4A528F00C1EB1F /* FirstDemoAppUITests.xctest */;
			productType = "com.apple.product-type.bundle.ui-testing";
		};
/* End PBXNativeTarget section */

/* Begin PBXProject section */
		41A0EDF81E4A528E00C1EB1F /* Project object */ = {
			isa = PBXProject;
			attributes = {
				LastSwiftUpdateCheck = 0810;
				LastUpgradeCheck = 0810;
				ORGANIZATIONNAME = PJay;
				TargetAttributes = {
					41A0EDFF1E4A528E00C1EB1F = {
						CreatedOnToolsVersion = 8.1;
						DevelopmentTeam = D7LMSZ82ZN;
						ProvisioningStyle = Automatic;
					};
					41A0EE131E4A528E00C1EB1F = {
						CreatedOnToolsVersion = 8.1;
						DevelopmentTeam = D7LMSZ82ZN;
						ProvisioningStyle = Automatic;
						TestTargetID = 41A0EDFF1E4A528E00C1EB1F;
					};
					41A0EE1E1E4A528F00C1EB1F = {
						CreatedOnToolsVersion = 8.1;
						DevelopmentTeam = D7LMSZ82ZN;
						ProvisioningStyle = Automatic;
						TestTargetID = 41A0EDFF1E4A528E00C1EB1F;
					};
				};
			};
			buildConfigurationList = 41A0EDFB1E4A528E00C1EB1F /* Build configuration list for PBXProject "FirstDemoApp" */;
			compatibilityVersion = "Xcode 3.2";
			developmentRegion = English;
			hasScannedForEncodings = 0;
			knownRegions = (
				en,
				Base,
			);
			mainGroup = 41A0EDF71E4A528E00C1EB1F;
			productRefGroup = 41A0EE011E4A528E00C1EB1F /* Products */;
			projectDirPath = "";
			projectRoot = "";
			targets = (
				41A0EDFF1E4A528E00C1EB1F /* FirstDemoApp */,
				41A0EE131E4A528E00C1EB1F /* FirstDemoAppTests */,
				41A0EE1E1E4A528F00C1EB1F /* FirstDemoAppUITests */,
			);
		};
/* End PBXProject section */

/* Begin PBXResourcesBuildPhase section */
		41A0EDFE1E4A528E00C1EB1F /* Resources */ = {
			isa = PBXResourcesBuildPhase;
			buildActionMask = 2147483647;
			files = (
				41A0EE0E1E4A528E00C1EB1F /* LaunchScreen.storyboard in Resources */,
				41A0EE0B1E4A528E00C1EB1F /* Assets.xcassets in Resources */,
				41A0EE091E4A528E00C1EB1F /* Main.storyboard in Resources */,
			);
			runOnlyForDeploymentPostprocessing = 0;
		};
		41A0EE121E4A528E00C1EB1F /* Resources */ = {
			isa = PBXResourcesBuildPhase;
			buildActionMask = 2147483647;
			files = (
			);
			runOnlyForDeploymentPostprocessing = 0;
		};
		41A0EE1D1E4A528F00C1EB1F /* Resources */ = {
			isa = PBXResourcesBuildPhase;
			buildActionMask = 2147483647;
			files = (
			);
			runOnlyForDeploymentPostprocessing = 0;
		};
/* End PBXResourcesBuildPhase section */

/* Begin PBXSourcesBuildPhase section */
		41A0EDFC1E4A528E00C1EB1F /* Sources */ = {
			isa = PBXSourcesBuildPhase;
			buildActionMask = 2147483647;
			files = (
				41A0EE061E4A528E00C1EB1F /* ViewController.swift in Sources */,
				41A0EE041E4A528E00C1EB1F /* AppDelegate.swift in Sources */,
			);
			runOnlyForDeploymentPostprocessing = 0;
		};
		41A0EE101E4A528E00C1EB1F /* Sources */ = {
			isa = PBXSourcesBuildPhase;
			buildActionMask = 2147483647;
			files = (
				41A0EE191E4A528E00C1EB1F /* FirstDemoAppTests.swift in Sources */,
			);
			runOnlyForDeploymentPostprocessing = 0;
		};
		41A0EE1B1E4A528F00C1EB1F /* Sources */ = {
			isa = PBXSourcesBuildPhase;
			buildActionMask = 2147483647;
			files = (
				41A0EE241E4A528F00C1EB1F /* FirstDemoAppUITests.swift in Sources */,
			);
			runOnlyForDeploymentPostprocessing = 0;
		};
/* End PBXSourcesBuildPhase section */

/* Begin PBXTargetDependency section */
		41A0EE161E4A528E00C1EB1F /* PBXTargetDependency */ = {
			isa = PBXTargetDependency;
			target = 41A0EDFF1E4A528E00C1EB1F /* FirstDemoApp */;
			targetProxy = 41A0EE151E4A528E00C1EB1F /* PBXContainerItemProxy */;
		};
		41A0EE211E4A528F00C1EB1F /* PBXTargetDependency */ = {
			isa = PBXTargetDependency;
			target = 41A0EDFF1E4A528E00C1EB1F /* FirstDemoApp */;
			targetProxy = 41A0EE201E4A528F00C1EB1F /* PBXContainerItemProxy */;
		};
/* End PBXTargetDependency section */

/* Begin PBXVariantGroup section */
		41A0EE071E4A528E00C1EB1F /* Main.storyboard */ = {
			isa = PBXVariantGroup;
			children = (
				41A0EE081E4A528E00C1EB1F /* Base */,
			);
			name = Main.storyboard;
			sourceTree = "<group>";
		};
		41A0EE0C1E4A528E00C1EB1F /* LaunchScreen.storyboard */ = {
			isa = PBXVariantGroup;
			children = (
				41A0EE0D1E4A528E00C1EB1F /* Base */,
			);
			name = LaunchScreen.storyboard;
			sourceTree = "<group>";
		};
/* End PBXVariantGroup section */

/* Begin XCBuildConfiguration section */
		41A0EE261E4A528F00C1EB1F /* Debug */ = {
			isa = XCBuildConfiguration;
			buildSettings = {
				ALWAYS_SEARCH_USER_PATHS = NO;
				CLANG_ANALYZER_NONNULL = YES;
				CLANG_CXX_LANGUAGE_STANDARD = "gnu++0x";
				CLANG_CXX_LIBRARY = "libc++";
				CLANG_ENABLE_MODULES = YES;
				CLANG_ENABLE_OBJC_ARC = YES;
				CLANG_WARN_BOOL_CONVERSION = YES;
				CLANG_WARN_CONSTANT_CONVERSION = YES;
				CLANG_WARN_DIRECT_OBJC_ISA_USAGE = YES_ERROR;
				CLANG_WARN_DOCUMENTATION_COMMENTS = YES;
				CLANG_WARN_EMPTY_BODY = YES;
				CLANG_WARN_ENUM_CONVERSION = YES;
				CLANG_WARN_INFINITE_RECURSION = YES;
				CLANG_WARN_INT_CONVERSION = YES;
				CLANG_WARN_OBJC_ROOT_CLASS = YES_ERROR;
				CLANG_WARN_SUSPICIOUS_MOVES = YES;
				CLANG_WARN_UNREACHABLE_CODE = YES;
				CLANG_WARN__DUPLICATE_METHOD_MATCH = YES;
				"CODE_SIGN_IDENTITY[sdk=iphoneos*]" = "iPhone Developer";
				COPY_PHASE_STRIP = NO;
				DEBUG_INFORMATION_FORMAT = dwarf;
				ENABLE_STRICT_OBJC_MSGSEND = YES;
				ENABLE_TESTABILITY = YES;
				GCC_C_LANGUAGE_STANDARD = gnu99;
				GCC_DYNAMIC_NO_PIC = NO;
				GCC_NO_COMMON_BLOCKS = YES;
				GCC_OPTIMIZATION_LEVEL = 0;
				GCC_PREPROCESSOR_DEFINITIONS = (
					"DEBUG=1",
					"$(inherited)",
				);
				GCC_WARN_64_TO_32_BIT_CONVERSION = YES;
				GCC_WARN_ABOUT_RETURN_TYPE = YES_ERROR;
				GCC_WARN_UNDECLARED_SELECTOR = YES;
				GCC_WARN_UNINITIALIZED_AUTOS = YES_AGGRESSIVE;
				GCC_WARN_UNUSED_FUNCTION = YES;
				GCC_WARN_UNUSED_VARIABLE = YES;
				IPHONEOS_DEPLOYMENT_TARGET = 10.1;
				MTL_ENABLE_DEBUG_INFO = YES;
				ONLY_ACTIVE_ARCH = YES;
				SDKROOT = iphoneos;
				SWIFT_ACTIVE_COMPILATION_CONDITIONS = DEBUG;
				SWIFT_OPTIMIZATION_LEVEL = "-Onone";
			};
			name = Debug;
		};
		41A0EE271E4A528F00C1EB1F /* Release */ = {
			isa = XCBuildConfiguration;
			buildSettings = {
				ALWAYS_SEARCH_USER_PATHS = NO;
				CLANG_ANALYZER_NONNULL = YES;
				CLANG_CXX_LANGUAGE_STANDARD = "gnu++0x";
				CLANG_CXX_LIBRARY = "libc++";
				CLANG_ENABLE_MODULES = YES;
				CLANG_ENABLE_OBJC_ARC = YES;
				CLANG_WARN_BOOL_CONVERSION = YES;
				CLANG_WARN_CONSTANT_CONVERSION = YES;
				CLANG_WARN_DIRECT_OBJC_ISA_USAGE = YES_ERROR;
				CLANG_WARN_DOCUMENTATION_COMMENTS = YES;
				CLANG_WARN_EMPTY_BODY = YES;
				CLANG_WARN_ENUM_CONVERSION = YES;
				CLANG_WARN_INFINITE_RECURSION = YES;
				CLANG_WARN_INT_CONVERSION = YES;
				CLANG_WARN_OBJC_ROOT_CLASS = YES_ERROR;
				CLANG_WARN_SUSPICIOUS_MOVES = YES;
				CLANG_WARN_UNREACHABLE_CODE = YES;
				CLANG_WARN__DUPLICATE_METHOD_MATCH = YES;
				"CODE_SIGN_IDENTITY[sdk=iphoneos*]" = "iPhone Developer";
				COPY_PHASE_STRIP = NO;
				DEBUG_INFORMATION_FORMAT = "dwarf-with-dsym";
				ENABLE_NS_ASSERTIONS = NO;
				ENABLE_STRICT_OBJC_MSGSEND = YES;
				GCC_C_LANGUAGE_STANDARD = gnu99;
				GCC_NO_COMMON_BLOCKS = YES;
				GCC_WARN_64_TO_32_BIT_CONVERSION = YES;
				GCC_WARN_ABOUT_RETURN_TYPE = YES_ERROR;
				GCC_WARN_UNDECLARED_SELECTOR = YES;
				GCC_WARN_UNINITIALIZED_AUTOS = YES_AGGRESSIVE;
				GCC_WARN_UNUSED_FUNCTION = YES;
				GCC_WARN_UNUSED_VARIABLE = YES;
				IPHONEOS_DEPLOYMENT_TARGET = 10.1;
				MTL_ENABLE_DEBUG_INFO = NO;
				SDKROOT = iphoneos;
				SWIFT_OPTIMIZATION_LEVEL = "-Owholemodule";
				VALIDATE_PRODUCT = YES;
			};
			name = Release;
		};
		41A0EE291E4A528F00C1EB1F /* Debug */ = {
			isa = XCBuildConfiguration;
			buildSettings = {
				ASSETCATALOG_COMPILER_APPICON_NAME = AppIcon;
				DEVELOPMENT_TEAM = D7LMSZ82ZN;
				INFOPLIST_FILE = FirstDemoApp/Info.plist;
				IPHONEOS_DEPLOYMENT_TARGET = 8.0;
				LD_RUNPATH_SEARCH_PATHS = "$(inherited) @executable_path/Frameworks";
				PRODUCT_BUNDLE_IDENTIFIER = org.pjay.FirstDemoApp;
				PRODUCT_NAME = "$(TARGET_NAME)";
				SWIFT_VERSION = 3.0;
			};
			name = Debug;
		};
		41A0EE2A1E4A528F00C1EB1F /* Release */ = {
			isa = XCBuildConfiguration;
			buildSettings = {
				ASSETCATALOG_COMPILER_APPICON_NAME = AppIcon;
				DEVELOPMENT_TEAM = D7LMSZ82ZN;
				INFOPLIST_FILE = FirstDemoApp/Info.plist;
				IPHONEOS_DEPLOYMENT_TARGET = 8.0;
				LD_RUNPATH_SEARCH_PATHS = "$(inherited) @executable_path/Frameworks";
				PRODUCT_BUNDLE_IDENTIFIER = org.pjay.FirstDemoApp;
				PRODUCT_NAME = "$(TARGET_NAME)";
				SWIFT_VERSION = 3.0;
			};
			name = Release;
		};
		41A0EE2C1E4A528F00C1EB1F /* Debug */ = {
			isa = XCBuildConfiguration;
			buildSettings = {
				ALWAYS_EMBED_SWIFT_STANDARD_LIBRARIES = YES;
				BUNDLE_LOADER = "$(TEST_HOST)";
				DEVELOPMENT_TEAM = D7LMSZ82ZN;
				INFOPLIST_FILE = FirstDemoAppTests/Info.plist;
				LD_RUNPATH_SEARCH_PATHS = "$(inherited) @executable_path/Frameworks @loader_path/Frameworks";
				PRODUCT_BUNDLE_IDENTIFIER = org.pjay.FirstDemoAppTests;
				PRODUCT_NAME = "$(TARGET_NAME)";
				SWIFT_VERSION = 3.0;
				TEST_HOST = "$(BUILT_PRODUCTS_DIR)/FirstDemoApp.app/FirstDemoApp";
			};
			name = Debug;
		};
		41A0EE2D1E4A528F00C1EB1F /* Release */ = {
			isa = XCBuildConfiguration;
			buildSettings = {
				ALWAYS_EMBED_SWIFT_STANDARD_LIBRARIES = YES;
				BUNDLE_LOADER = "$(TEST_HOST)";
				DEVELOPMENT_TEAM = D7LMSZ82ZN;
				INFOPLIST_FILE = FirstDemoAppTests/Info.plist;
				LD_RUNPATH_SEARCH_PATHS = "$(inherited) @executable_path/Frameworks @loader_path/Frameworks";
				PRODUCT_BUNDLE_IDENTIFIER = org.pjay.FirstDemoAppTests;
				PRODUCT_NAME = "$(TARGET_NAME)";
				SWIFT_VERSION = 3.0;
				TEST_HOST = "$(BUILT_PRODUCTS_DIR)/FirstDemoApp.app/FirstDemoApp";
			};
			name = Release;
		};
		41A0EE2F1E4A528F00C1EB1F /* Debug */ = {
			isa = XCBuildConfiguration;
			buildSettings = {
				ALWAYS_EMBED_SWIFT_STANDARD_LIBRARIES = YES;
				DEVELOPMENT_TEAM = D7LMSZ82ZN;
				INFOPLIST_FILE = FirstDemoAppUITests/Info.plist;
				LD_RUNPATH_SEARCH_PATHS = "$(inherited) @executable_path/Frameworks @loader_path/Frameworks";
				PRODUCT_BUNDLE_IDENTIFIER = org.pjay.FirstDemoAppUITests;
				PRODUCT_NAME = "$(TARGET_NAME)";
				SWIFT_VERSION = 3.0;
				TEST_TARGET_NAME = FirstDemoApp;
			};
			name = Debug;
		};
		41A0EE301E4A528F00C1EB1F /* Release */ = {
			isa = XCBuildConfiguration;
			buildSettings = {
				ALWAYS_EMBED_SWIFT_STANDARD_LIBRARIES = YES;
				DEVELOPMENT_TEAM = D7LMSZ82ZN;
				INFOPLIST_FILE = FirstDemoAppUITests/Info.plist;
				LD_RUNPATH_SEARCH_PATHS = "$(inherited) @executable_path/Frameworks @loader_path/Frameworks";
				PRODUCT_BUNDLE_IDENTIFIER = org.pjay.FirstDemoAppUITests;
				PRODUCT_NAME = "$(TARGET_NAME)";
				SWIFT_VERSION = 3.0;
				TEST_TARGET_NAME = FirstDemoApp;
			};
			name = Release;
		};
/* End XCBuildConfiguration section */

/* Begin XCConfigurationList section */
		41A0EDFB1E4A528E00C1EB1F /* Build configuration list for PBXProject "FirstDemoApp" */ = {
			isa = XCConfigurationList;
			buildConfigurations = (
				41A0EE261E4A528F00C1EB1F /* Debug */,
				41A0EE271E4A528F00C1EB1F /* Release */,
			);
			defaultConfigurationIsVisible = 0;
			defaultConfigurationName = Release;
		};
		41A0EE281E4A528F00C1EB1F /* Build configuration list for PBXNativeTarget "FirstDemoApp" */ = {
			isa = XCConfigurationList;
			buildConfigurations = (
				41A0EE291E4A528F00C1EB1F /* Debug */,
				41A0EE2A1E4A528F00C1EB1F /* Release */,
			);
			defaultConfigurationIsVisible = 0;
		};
		41A0EE2B1E4A528F00C1EB1F /* Build configuration list for PBXNativeTarget "FirstDemoAppTests" */ = {
			isa = XCConfigurationList;
			buildConfigurations = (
				41A0EE2C1E4A528F00C1EB1F /* Debug */,
				41A0EE2D1E4A528F00C1EB1F /* Release */,
			);
			defaultConfigurationIsVisible = 0;
		};
		41A0EE2E1E4A528F00C1EB1F /* Build configuration list for PBXNativeTarget "FirstDemoAppUITests" */ = {
			isa = XCConfigurationList;
			buildConfigurations = (
				41A0EE2F1E4A528F00C1EB1F /* Debug */,
				41A0EE301E4A528F00C1EB1F /* Release */,
			);
			defaultConfigurationIsVisible = 0;
		};
/* End XCConfigurationList section */
	};
	rootObject = 41A0EDF81E4A528E00C1EB1F /* Project object */;
}
