// !$*UTF8*$!
{
	archiveVersion = 1;
	classes = {
	};
	objectVersion = 46;
	objects = {

/* Begin PBXBuildFile section */
		414CF7C71E4A8C8200974AF8 /* AppDelegate.swift in Sources */ = {isa = PBXBuildFile; fileRef = 414CF7C61E4A8C8200974AF8 /* AppDelegate.swift */; };
		414CF7C91E4A8C8200974AF8 /* ViewController.swift in Sources */ = {isa = PBXBuildFile; fileRef = 414CF7C81E4A8C8200974AF8 /* ViewController.swift */; };
		414CF7CC1E4A8C8200974AF8 /* Main.storyboard in Resources */ = {isa = PBXBuildFile; fileRef = 414CF7CA1E4A8C8200974AF8 /* Main.storyboard */; };
		414CF7CE1E4A8C8200974AF8 /* Assets.xcassets in Resources */ = {isa = PBXBuildFile; fileRef = 414CF7CD1E4A8C8200974AF8 /* Assets.xcassets */; };
		414CF7D11E4A8C8200974AF8 /* LaunchScreen.storyboard in Resources */ = {isa = PBXBuildFile; fileRef = 414CF7CF1E4A8C8200974AF8 /* LaunchScreen.storyboard */; };
		414CF7DC1E4A8C8200974AF8 /* sample_rest_callTests.swift in Sources */ = {isa = PBXBuildFile; fileRef = 414CF7DB1E4A8C8200974AF8 /* sample_rest_callTests.swift */; };
		414CF7E71E4A8C8200974AF8 /* sample_rest_callUITests.swift in Sources */ = {isa = PBXBuildFile; fileRef = 414CF7E61E4A8C8200974AF8 /* sample_rest_callUITests.swift */; };
/* End PBXBuildFile section */

/* Begin PBXContainerItemProxy section */
		414CF7D81E4A8C8200974AF8 /* PBXContainerItemProxy */ = {
			isa = PBXContainerItemProxy;
			containerPortal = 414CF7BB1E4A8C8200974AF8 /* Project object */;
			proxyType = 1;
			remoteGlobalIDString = 414CF7C21E4A8C8200974AF8;
			remoteInfo = "sample-rest-call";
		};
		414CF7E31E4A8C8200974AF8 /* PBXContainerItemProxy */ = {
			isa = PBXContainerItemProxy;
			containerPortal = 414CF7BB1E4A8C8200974AF8 /* Project object */;
			proxyType = 1;
			remoteGlobalIDString = 414CF7C21E4A8C8200974AF8;
			remoteInfo = "sample-rest-call";
		};
/* End PBXContainerItemProxy section */

/* Begin PBXFileReference section */
		414CF7C31E4A8C8200974AF8 /* sample-rest-call.app */ = {isa = PBXFileReference; explicitFileType = wrapper.application; includeInIndex = 0; path = "sample-rest-call.app"; sourceTree = BUILT_PRODUCTS_DIR; };
		414CF7C61E4A8C8200974AF8 /* AppDelegate.swift */ = {isa = PBXFileReference; lastKnownFileType = sourcecode.swift; path = AppDelegate.swift; sourceTree = "<group>"; };
		414CF7C81E4A8C8200974AF8 /* ViewController.swift */ = {isa = PBXFileReference; lastKnownFileType = sourcecode.swift; path = ViewController.swift; sourceTree = "<group>"; };
		414CF7CB1E4A8C8200974AF8 /* Base */ = {isa = PBXFileReference; lastKnownFileType = file.storyboard; name = Base; path = Base.lproj/Main.storyboard; sourceTree = "<group>"; };
		414CF7CD1E4A8C8200974AF8 /* Assets.xcassets */ = {isa = PBXFileReference; lastKnownFileType = folder.assetcatalog; path = Assets.xcassets; sourceTree = "<group>"; };
		414CF7D01E4A8C8200974AF8 /* Base */ = {isa = PBXFileReference; lastKnownFileType = file.storyboard; name = Base; path = Base.lproj/LaunchScreen.storyboard; sourceTree = "<group>"; };
		414CF7D21E4A8C8200974AF8 /* Info.plist */ = {isa = PBXFileReference; lastKnownFileType = text.plist.xml; path = Info.plist; sourceTree = "<group>"; };
		414CF7D71E4A8C8200974AF8 /* sample-rest-callTests.xctest */ = {isa = PBXFileReference; explicitFileType = wrapper.cfbundle; includeInIndex = 0; path = "sample-rest-callTests.xctest"; sourceTree = BUILT_PRODUCTS_DIR; };
		414CF7DB1E4A8C8200974AF8 /* sample_rest_callTests.swift */ = {isa = PBXFileReference; lastKnownFileType = sourcecode.swift; path = sample_rest_callTests.swift; sourceTree = "<group>"; };
		414CF7DD1E4A8C8200974AF8 /* Info.plist */ = {isa = PBXFileReference; lastKnownFileType = text.plist.xml; path = Info.plist; sourceTree = "<group>"; };
		414CF7E21E4A8C8200974AF8 /* sample-rest-callUITests.xctest */ = {isa = PBXFileReference; explicitFileType = wrapper.cfbundle; includeInIndex = 0; path = "sample-rest-callUITests.xctest"; sourceTree = BUILT_PRODUCTS_DIR; };
		414CF7E61E4A8C8200974AF8 /* sample_rest_callUITests.swift */ = {isa = PBXFileReference; lastKnownFileType = sourcecode.swift; path = sample_rest_callUITests.swift; sourceTree = "<group>"; };
		414CF7E81E4A8C8200974AF8 /* Info.plist */ = {isa = PBXFileReference; lastKnownFileType = text.plist.xml; path = Info.plist; sourceTree = "<group>"; };
/* End PBXFileReference section */

/* Begin PBXFrameworksBuildPhase section */
		414CF7C01E4A8C8200974AF8 /* Frameworks */ = {
			isa = PBXFrameworksBuildPhase;
			buildActionMask = 2147483647;
			files = (
			);
			runOnlyForDeploymentPostprocessing = 0;
		};
		414CF7D41E4A8C8200974AF8 /* Frameworks */ = {
			isa = PBXFrameworksBuildPhase;
			buildActionMask = 2147483647;
			files = (
			);
			runOnlyForDeploymentPostprocessing = 0;
		};
		414CF7DF1E4A8C8200974AF8 /* Frameworks */ = {
			isa = PBXFrameworksBuildPhase;
			buildActionMask = 2147483647;
			files = (
			);
			runOnlyForDeploymentPostprocessing = 0;
		};
/* End PBXFrameworksBuildPhase section */

/* Begin PBXGroup section */
		414CF7BA1E4A8C8200974AF8 = {
			isa = PBXGroup;
			children = (
				414CF7C51E4A8C8200974AF8 /* sample-rest-call */,
				414CF7DA1E4A8C8200974AF8 /* sample-rest-callTests */,
				414CF7E51E4A8C8200974AF8 /* sample-rest-callUITests */,
				414CF7C41E4A8C8200974AF8 /* Products */,
			);
			sourceTree = "<group>";
		};
		414CF7C41E4A8C8200974AF8 /* Products */ = {
			isa = PBXGroup;
			children = (
				414CF7C31E4A8C8200974AF8 /* sample-rest-call.app */,
				414CF7D71E4A8C8200974AF8 /* sample-rest-callTests.xctest */,
				414CF7E21E4A8C8200974AF8 /* sample-rest-callUITests.xctest */,
			);
			name = Products;
			sourceTree = "<group>";
		};
		414CF7C51E4A8C8200974AF8 /* sample-rest-call */ = {
			isa = PBXGroup;
			children = (
				414CF7C61E4A8C8200974AF8 /* AppDelegate.swift */,
				414CF7C81E4A8C8200974AF8 /* ViewController.swift */,
				414CF7CA1E4A8C8200974AF8 /* Main.storyboard */,
				414CF7CD1E4A8C8200974AF8 /* Assets.xcassets */,
				414CF7CF1E4A8C8200974AF8 /* LaunchScreen.storyboard */,
				414CF7D21E4A8C8200974AF8 /* Info.plist */,
			);
			path = "sample-rest-call";
			sourceTree = "<group>";
		};
		414CF7DA1E4A8C8200974AF8 /* sample-rest-callTests */ = {
			isa = PBXGroup;
			children = (
				414CF7DB1E4A8C8200974AF8 /* sample_rest_callTests.swift */,
				414CF7DD1E4A8C8200974AF8 /* Info.plist */,
			);
			path = "sample-rest-callTests";
			sourceTree = "<group>";
		};
		414CF7E51E4A8C8200974AF8 /* sample-rest-callUITests */ = {
			isa = PBXGroup;
			children = (
				414CF7E61E4A8C8200974AF8 /* sample_rest_callUITests.swift */,
				414CF7E81E4A8C8200974AF8 /* Info.plist */,
			);
			path = "sample-rest-callUITests";
			sourceTree = "<group>";
		};
/* End PBXGroup section */

/* Begin PBXNativeTarget section */
		414CF7C21E4A8C8200974AF8 /* sample-rest-call */ = {
			isa = PBXNativeTarget;
			buildConfigurationList = 414CF7EB1E4A8C8200974AF8 /* Build configuration list for PBXNativeTarget "sample-rest-call" */;
			buildPhases = (
				414CF7BF1E4A8C8200974AF8 /* Sources */,
				414CF7C01E4A8C8200974AF8 /* Frameworks */,
				414CF7C11E4A8C8200974AF8 /* Resources */,
			);
			buildRules = (
			);
			dependencies = (
			);
			name = "sample-rest-call";
			productName = "sample-rest-call";
			productReference = 414CF7C31E4A8C8200974AF8 /* sample-rest-call.app */;
			productType = "com.apple.product-type.application";
		};
		414CF7D61E4A8C8200974AF8 /* sample-rest-callTests */ = {
			isa = PBXNativeTarget;
			buildConfigurationList = 414CF7EE1E4A8C8200974AF8 /* Build configuration list for PBXNativeTarget "sample-rest-callTests" */;
			buildPhases = (
				414CF7D31E4A8C8200974AF8 /* Sources */,
				414CF7D41E4A8C8200974AF8 /* Frameworks */,
				414CF7D51E4A8C8200974AF8 /* Resources */,
			);
			buildRules = (
			);
			dependencies = (
				414CF7D91E4A8C8200974AF8 /* PBXTargetDependency */,
			);
			name = "sample-rest-callTests";
			productName = "sample-rest-callTests";
			productReference = 414CF7D71E4A8C8200974AF8 /* sample-rest-callTests.xctest */;
			productType = "com.apple.product-type.bundle.unit-test";
		};
		414CF7E11E4A8C8200974AF8 /* sample-rest-callUITests */ = {
			isa = PBXNativeTarget;
			buildConfigurationList = 414CF7F11E4A8C8200974AF8 /* Build configuration list for PBXNativeTarget "sample-rest-callUITests" */;
			buildPhases = (
				414CF7DE1E4A8C8200974AF8 /* Sources */,
				414CF7DF1E4A8C8200974AF8 /* Frameworks */,
				414CF7E01E4A8C8200974AF8 /* Resources */,
			);
			buildRules = (
			);
			dependencies = (
				414CF7E41E4A8C8200974AF8 /* PBXTargetDependency */,
			);
			name = "sample-rest-callUITests";
			productName = "sample-rest-callUITests";
			productReference = 414CF7E21E4A8C8200974AF8 /* sample-rest-callUITests.xctest */;
			productType = "com.apple.product-type.bundle.ui-testing";
		};
/* End PBXNativeTarget section */

/* Begin PBXProject section */
		414CF7BB1E4A8C8200974AF8 /* Project object */ = {
			isa = PBXProject;
			attributes = {
				LastSwiftUpdateCheck = 0810;
				LastUpgradeCheck = 0810;
				ORGANIZATIONNAME = PJay;
				TargetAttributes = {
					414CF7C21E4A8C8200974AF8 = {
						CreatedOnToolsVersion = 8.1;
						DevelopmentTeam = D7LMSZ82ZN;
						ProvisioningStyle = Automatic;
					};
					414CF7D61E4A8C8200974AF8 = {
						CreatedOnToolsVersion = 8.1;
						DevelopmentTeam = D7LMSZ82ZN;
						ProvisioningStyle = Automatic;
						TestTargetID = 414CF7C21E4A8C8200974AF8;
					};
					414CF7E11E4A8C8200974AF8 = {
						CreatedOnToolsVersion = 8.1;
						DevelopmentTeam = D7LMSZ82ZN;
						ProvisioningStyle = Automatic;
						TestTargetID = 414CF7C21E4A8C8200974AF8;
					};
				};
			};
			buildConfigurationList = 414CF7BE1E4A8C8200974AF8 /* Build configuration list for PBXProject "sample-rest-call" */;
			compatibilityVersion = "Xcode 3.2";
			developmentRegion = English;
			hasScannedForEncodings = 0;
			knownRegions = (
				en,
				Base,
			);
			mainGroup = 414CF7BA1E4A8C8200974AF8;
			productRefGroup = 414CF7C41E4A8C8200974AF8 /* Products */;
			projectDirPath = "";
			projectRoot = "";
			targets = (
				414CF7C21E4A8C8200974AF8 /* sample-rest-call */,
				414CF7D61E4A8C8200974AF8 /* sample-rest-callTests */,
				414CF7E11E4A8C8200974AF8 /* sample-rest-callUITests */,
			);
		};
/* End PBXProject section */

/* Begin PBXResourcesBuildPhase section */
		414CF7C11E4A8C8200974AF8 /* Resources */ = {
			isa = PBXResourcesBuildPhase;
			buildActionMask = 2147483647;
			files = (
				414CF7D11E4A8C8200974AF8 /* LaunchScreen.storyboard in Resources */,
				414CF7CE1E4A8C8200974AF8 /* Assets.xcassets in Resources */,
				414CF7CC1E4A8C8200974AF8 /* Main.storyboard in Resources */,
			);
			runOnlyForDeploymentPostprocessing = 0;
		};
		414CF7D51E4A8C8200974AF8 /* Resources */ = {
			isa = PBXResourcesBuildPhase;
			buildActionMask = 2147483647;
			files = (
			);
			runOnlyForDeploymentPostprocessing = 0;
		};
		414CF7E01E4A8C8200974AF8 /* Resources */ = {
			isa = PBXResourcesBuildPhase;
			buildActionMask = 2147483647;
			files = (
			);
			runOnlyForDeploymentPostprocessing = 0;
		};
/* End PBXResourcesBuildPhase section */

/* Begin PBXSourcesBuildPhase section */
		414CF7BF1E4A8C8200974AF8 /* Sources */ = {
			isa = PBXSourcesBuildPhase;
			buildActionMask = 2147483647;
			files = (
				414CF7C91E4A8C8200974AF8 /* ViewController.swift in Sources */,
				414CF7C71E4A8C8200974AF8 /* AppDelegate.swift in Sources */,
			);
			runOnlyForDeploymentPostprocessing = 0;
		};
		414CF7D31E4A8C8200974AF8 /* Sources */ = {
			isa = PBXSourcesBuildPhase;
			buildActionMask = 2147483647;
			files = (
				414CF7DC1E4A8C8200974AF8 /* sample_rest_callTests.swift in Sources */,
			);
			runOnlyForDeploymentPostprocessing = 0;
		};
		414CF7DE1E4A8C8200974AF8 /* Sources */ = {
			isa = PBXSourcesBuildPhase;
			buildActionMask = 2147483647;
			files = (
				414CF7E71E4A8C8200974AF8 /* sample_rest_callUITests.swift in Sources */,
			);
			runOnlyForDeploymentPostprocessing = 0;
		};
/* End PBXSourcesBuildPhase section */

/* Begin PBXTargetDependency section */
		414CF7D91E4A8C8200974AF8 /* PBXTargetDependency */ = {
			isa = PBXTargetDependency;
			target = 414CF7C21E4A8C8200974AF8 /* sample-rest-call */;
			targetProxy = 414CF7D81E4A8C8200974AF8 /* PBXContainerItemProxy */;
		};
		414CF7E41E4A8C8200974AF8 /* PBXTargetDependency */ = {
			isa = PBXTargetDependency;
			target = 414CF7C21E4A8C8200974AF8 /* sample-rest-call */;
			targetProxy = 414CF7E31E4A8C8200974AF8 /* PBXContainerItemProxy */;
		};
/* End PBXTargetDependency section */

/* Begin PBXVariantGroup section */
		414CF7CA1E4A8C8200974AF8 /* Main.storyboard */ = {
			isa = PBXVariantGroup;
			children = (
				414CF7CB1E4A8C8200974AF8 /* Base */,
			);
			name = Main.storyboard;
			sourceTree = "<group>";
		};
		414CF7CF1E4A8C8200974AF8 /* LaunchScreen.storyboard */ = {
			isa = PBXVariantGroup;
			children = (
				414CF7D01E4A8C8200974AF8 /* Base */,
			);
			name = LaunchScreen.storyboard;
			sourceTree = "<group>";
		};
/* End PBXVariantGroup section */

/* Begin XCBuildConfiguration section */
		414CF7E91E4A8C8200974AF8 /* Debug */ = {
			isa = XCBuildConfiguration;
			buildSettings = {
				ALWAYS_SEARCH_USER_PATHS = NO;
				CLANG_ANALYZER_NONNULL = YES;
				CLANG_CXX_LANGUAGE_STANDARD = "gnu++0x";
				CLANG_CXX_LIBRARY = "libc++";
				CLANG_ENABLE_MODULES = YES;
				CLANG_ENABLE_OBJC_ARC = YES;
				CLANG_WARN_BOOL_CONVERSION = YES;
				CLANG_WARN_CONSTANT_CONVERSION = YES;
				CLANG_WARN_DIRECT_OBJC_ISA_USAGE = YES_ERROR;
				CLANG_WARN_DOCUMENTATION_COMMENTS = YES;
				CLANG_WARN_EMPTY_BODY = YES;
				CLANG_WARN_ENUM_CONVERSION = YES;
				CLANG_WARN_INFINITE_RECURSION = YES;
				CLANG_WARN_INT_CONVERSION = YES;
				CLANG_WARN_OBJC_ROOT_CLASS = YES_ERROR;
				CLANG_WARN_SUSPICIOUS_MOVES = YES;
				CLANG_WARN_UNREACHABLE_CODE = YES;
				CLANG_WARN__DUPLICATE_METHOD_MATCH = YES;
				"CODE_SIGN_IDENTITY[sdk=iphoneos*]" = "iPhone Developer";
				COPY_PHASE_STRIP = NO;
				DEBUG_INFORMATION_FORMAT = dwarf;
				ENABLE_STRICT_OBJC_MSGSEND = YES;
				ENABLE_TESTABILITY = YES;
				GCC_C_LANGUAGE_STANDARD = gnu99;
				GCC_DYNAMIC_NO_PIC = NO;
				GCC_NO_COMMON_BLOCKS = YES;
				GCC_OPTIMIZATION_LEVEL = 0;
				GCC_PREPROCESSOR_DEFINITIONS = (
					"DEBUG=1",
					"$(inherited)",
				);
				GCC_WARN_64_TO_32_BIT_CONVERSION = YES;
				GCC_WARN_ABOUT_RETURN_TYPE = YES_ERROR;
				GCC_WARN_UNDECLARED_SELECTOR = YES;
				GCC_WARN_UNINITIALIZED_AUTOS = YES_AGGRESSIVE;
				GCC_WARN_UNUSED_FUNCTION = YES;
				GCC_WARN_UNUSED_VARIABLE = YES;
				IPHONEOS_DEPLOYMENT_TARGET = 10.1;
				MTL_ENABLE_DEBUG_INFO = YES;
				ONLY_ACTIVE_ARCH = YES;
				SDKROOT = iphoneos;
				SWIFT_ACTIVE_COMPILATION_CONDITIONS = DEBUG;
				SWIFT_OPTIMIZATION_LEVEL = "-Onone";
			};
			name = Debug;
		};
		414CF7EA1E4A8C8200974AF8 /* Release */ = {
			isa = XCBuildConfiguration;
			buildSettings = {
				ALWAYS_SEARCH_USER_PATHS = NO;
				CLANG_ANALYZER_NONNULL = YES;
				CLANG_CXX_LANGUAGE_STANDARD = "gnu++0x";
				CLANG_CXX_LIBRARY = "libc++";
				CLANG_ENABLE_MODULES = YES;
				CLANG_ENABLE_OBJC_ARC = YES;
				CLANG_WARN_BOOL_CONVERSION = YES;
				CLANG_WARN_CONSTANT_CONVERSION = YES;
				CLANG_WARN_DIRECT_OBJC_ISA_USAGE = YES_ERROR;
				CLANG_WARN_DOCUMENTATION_COMMENTS = YES;
				CLANG_WARN_EMPTY_BODY = YES;
				CLANG_WARN_ENUM_CONVERSION = YES;
				CLANG_WARN_INFINITE_RECURSION = YES;
				CLANG_WARN_INT_CONVERSION = YES;
				CLANG_WARN_OBJC_ROOT_CLASS = YES_ERROR;
				CLANG_WARN_SUSPICIOUS_MOVES = YES;
				CLANG_WARN_UNREACHABLE_CODE = YES;
				CLANG_WARN__DUPLICATE_METHOD_MATCH = YES;
				"CODE_SIGN_IDENTITY[sdk=iphoneos*]" = "iPhone Developer";
				COPY_PHASE_STRIP = NO;
				DEBUG_INFORMATION_FORMAT = "dwarf-with-dsym";
				ENABLE_NS_ASSERTIONS = NO;
				ENABLE_STRICT_OBJC_MSGSEND = YES;
				GCC_C_LANGUAGE_STANDARD = gnu99;
				GCC_NO_COMMON_BLOCKS = YES;
				GCC_WARN_64_TO_32_BIT_CONVERSION = YES;
				GCC_WARN_ABOUT_RETURN_TYPE = YES_ERROR;
				GCC_WARN_UNDECLARED_SELECTOR = YES;
				GCC_WARN_UNINITIALIZED_AUTOS = YES_AGGRESSIVE;
				GCC_WARN_UNUSED_FUNCTION = YES;
				GCC_WARN_UNUSED_VARIABLE = YES;
				IPHONEOS_DEPLOYMENT_TARGET = 10.1;
				MTL_ENABLE_DEBUG_INFO = NO;
				SDKROOT = iphoneos;
				SWIFT_OPTIMIZATION_LEVEL = "-Owholemodule";
				VALIDATE_PRODUCT = YES;
			};
			name = Release;
		};
		414CF7EC1E4A8C8200974AF8 /* Debug */ = {
			isa = XCBuildConfiguration;
			buildSettings = {
				ASSETCATALOG_COMPILER_APPICON_NAME = AppIcon;
				DEVELOPMENT_TEAM = D7LMSZ82ZN;
				INFOPLIST_FILE = "sample-rest-call/Info.plist";
				LD_RUNPATH_SEARCH_PATHS = "$(inherited) @executable_path/Frameworks";
				PRODUCT_BUNDLE_IDENTIFIER = "org.pjay.sample-rest-call";
				PRODUCT_NAME = "$(TARGET_NAME)";
				SWIFT_VERSION = 3.0;
			};
			name = Debug;
		};
		414CF7ED1E4A8C8200974AF8 /* Release */ = {
			isa = XCBuildConfiguration;
			buildSettings = {
				ASSETCATALOG_COMPILER_APPICON_NAME = AppIcon;
				DEVELOPMENT_TEAM = D7LMSZ82ZN;
				INFOPLIST_FILE = "sample-rest-call/Info.plist";
				LD_RUNPATH_SEARCH_PATHS = "$(inherited) @executable_path/Frameworks";
				PRODUCT_BUNDLE_IDENTIFIER = "org.pjay.sample-rest-call";
				PRODUCT_NAME = "$(TARGET_NAME)";
				SWIFT_VERSION = 3.0;
			};
			name = Release;
		};
		414CF7EF1E4A8C8200974AF8 /* Debug */ = {
			isa = XCBuildConfiguration;
			buildSettings = {
				ALWAYS_EMBED_SWIFT_STANDARD_LIBRARIES = YES;
				BUNDLE_LOADER = "$(TEST_HOST)";
				DEVELOPMENT_TEAM = D7LMSZ82ZN;
				INFOPLIST_FILE = "sample-rest-callTests/Info.plist";
				LD_RUNPATH_SEARCH_PATHS = "$(inherited) @executable_path/Frameworks @loader_path/Frameworks";
				PRODUCT_BUNDLE_IDENTIFIER = "org.pjay.sample-rest-callTests";
				PRODUCT_NAME = "$(TARGET_NAME)";
				SWIFT_VERSION = 3.0;
				TEST_HOST = "$(BUILT_PRODUCTS_DIR)/sample-rest-call.app/sample-rest-call";
			};
			name = Debug;
		};
		414CF7F01E4A8C8200974AF8 /* Release */ = {
			isa = XCBuildConfiguration;
			buildSettings = {
				ALWAYS_EMBED_SWIFT_STANDARD_LIBRARIES = YES;
				BUNDLE_LOADER = "$(TEST_HOST)";
				DEVELOPMENT_TEAM = D7LMSZ82ZN;
				INFOPLIST_FILE = "sample-rest-callTests/Info.plist";
				LD_RUNPATH_SEARCH_PATHS = "$(inherited) @executable_path/Frameworks @loader_path/Frameworks";
				PRODUCT_BUNDLE_IDENTIFIER = "org.pjay.sample-rest-callTests";
				PRODUCT_NAME = "$(TARGET_NAME)";
				SWIFT_VERSION = 3.0;
				TEST_HOST = "$(BUILT_PRODUCTS_DIR)/sample-rest-call.app/sample-rest-call";
			};
			name = Release;
		};
		414CF7F21E4A8C8200974AF8 /* Debug */ = {
			isa = XCBuildConfiguration;
			buildSettings = {
				ALWAYS_EMBED_SWIFT_STANDARD_LIBRARIES = YES;
				DEVELOPMENT_TEAM = D7LMSZ82ZN;
				INFOPLIST_FILE = "sample-rest-callUITests/Info.plist";
				LD_RUNPATH_SEARCH_PATHS = "$(inherited) @executable_path/Frameworks @loader_path/Frameworks";
				PRODUCT_BUNDLE_IDENTIFIER = "org.pjay.sample-rest-callUITests";
				PRODUCT_NAME = "$(TARGET_NAME)";
				SWIFT_VERSION = 3.0;
				TEST_TARGET_NAME = "sample-rest-call";
			};
			name = Debug;
		};
		414CF7F31E4A8C8200974AF8 /* Release */ = {
			isa = XCBuildConfiguration;
			buildSettings = {
				ALWAYS_EMBED_SWIFT_STANDARD_LIBRARIES = YES;
				DEVELOPMENT_TEAM = D7LMSZ82ZN;
				INFOPLIST_FILE = "sample-rest-callUITests/Info.plist";
				LD_RUNPATH_SEARCH_PATHS = "$(inherited) @executable_path/Frameworks @loader_path/Frameworks";
				PRODUCT_BUNDLE_IDENTIFIER = "org.pjay.sample-rest-callUITests";
				PRODUCT_NAME = "$(TARGET_NAME)";
				SWIFT_VERSION = 3.0;
				TEST_TARGET_NAME = "sample-rest-call";
			};
			name = Release;
		};
/* End XCBuildConfiguration section */

/* Begin XCConfigurationList section */
		414CF7BE1E4A8C8200974AF8 /* Build configuration list for PBXProject "sample-rest-call" */ = {
			isa = XCConfigurationList;
			buildConfigurations = (
				414CF7E91E4A8C8200974AF8 /* Debug */,
				414CF7EA1E4A8C8200974AF8 /* Release */,
			);
			defaultConfigurationIsVisible = 0;
			defaultConfigurationName = Release;
		};
		414CF7EB1E4A8C8200974AF8 /* Build configuration list for PBXNativeTarget "sample-rest-call" */ = {
			isa = XCConfigurationList;
			buildConfigurations = (
				414CF7EC1E4A8C8200974AF8 /* Debug */,
				414CF7ED1E4A8C8200974AF8 /* Release */,
			);
			defaultConfigurationIsVisible = 0;
		};
		414CF7EE1E4A8C8200974AF8 /* Build configuration list for PBXNativeTarget "sample-rest-callTests" */ = {
			isa = XCConfigurationList;
			buildConfigurations = (
				414CF7EF1E4A8C8200974AF8 /* Debug */,
				414CF7F01E4A8C8200974AF8 /* Release */,
			);
			defaultConfigurationIsVisible = 0;
		};
		414CF7F11E4A8C8200974AF8 /* Build configuration list for PBXNativeTarget "sample-rest-callUITests" */ = {
			isa = XCConfigurationList;
			buildConfigurations = (
				414CF7F21E4A8C8200974AF8 /* Debug */,
				414CF7F31E4A8C8200974AF8 /* Release */,
			);
			defaultConfigurationIsVisible = 0;
		};
/* End XCConfigurationList section */
	};
	rootObject = 414CF7BB1E4A8C8200974AF8 /* Project object */;
}
